
Microsoft Visual Studio Solution File, Format Version 12.00
# Visual Studio 15
VisualStudioVersion = 15.0.26730.8
MinimumVisualStudioVersion = 10.0.40219.1
Project("{9A19103F-16F7-4668-BE54-9A1E7A4F7556}") = "WebDav.Client", "WebDav.Client\WebDav.Client.csproj", "{8371DB79-4CA3-4664-9C4C-00DA143180AF}"
EndProject
Project("{9A19103F-16F7-4668-BE54-9A1E7A4F7556}") = "WebDav.Client.Tests", "WebDav.Client.Tests\WebDav.Client.Tests.csproj", "{FE960C7B-0089-4BF6-94AB-2527645A7D14}"
EndProject
Project("{9A19103F-16F7-4668-BE54-9A1E7A4F7556}") = "WebDav.ClientConsole", "WebDav.ClientConsole\WebDav.ClientConsole.csproj", "{EA1CA398-0DC2-4F2F-8439-2CD4051E007E}"
EndProject
Global
	GlobalSection(SolutionConfigurationPlatforms) = preSolution
		Debug|Any CPU = Debug|Any CPU
		Release|Any CPU = Release|Any CPU
	EndGlobalSection
	GlobalSection(ProjectConfigurationPlatforms) = postSolution
		{8371DB79-4CA3-4664-9C4C-00DA143180AF}.Debug|Any CPU.ActiveCfg = Debug|Any CPU
		{8371DB79-4CA3-4664-9C4C-00DA143180AF}.Debug|Any CPU.Build.0 = Debug|Any CPU
		{8371DB79-4CA3-4664-9C4C-00DA143180AF}.Release|Any CPU.ActiveCfg = Release|Any CPU
		{8371DB79-4CA3-4664-9C4C-00DA143180AF}.Release|Any CPU.Build.0 = Release|Any CPU
		{FE960C7B-0089-4BF6-94AB-2527645A7D14}.Debug|Any CPU.ActiveCfg = Debug|Any CPU
		{FE960C7B-0089-4BF6-94AB-2527645A7D14}.Debug|Any CPU.Build.0 = Debug|Any CPU
		{FE960C7B-0089-4BF6-94AB-2527645A7D14}.Release|Any CPU.ActiveCfg = Release|Any CPU
		{FE960C7B-0089-4BF6-94AB-2527645A7D14}.Release|Any CPU.Build.0 = Release|Any CPU
		{EA1CA398-0DC2-4F2F-8439-2CD4051E007E}.Debug|Any CPU.ActiveCfg = Debug|Any CPU
		{EA1CA398-0DC2-4F2F-8439-2CD4051E007E}.Debug|Any CPU.Build.0 = Debug|Any CPU
		{EA1CA398-0DC2-4F2F-8439-2CD4051E007E}.Release|Any CPU.ActiveCfg = Release|Any CPU
		{EA1CA398-0DC2-4F2F-8439-2CD4051E007E}.Release|Any CPU.Build.0 = Release|Any CPU
	EndGlobalSection
	GlobalSection(SolutionProperties) = preSolution
		HideSolutionNode = FALSE
	EndGlobalSection
	GlobalSection(ExtensibilityGlobals) = postSolution
		SolutionGuid = {02546689-E40C-4369-AFA8-E221F43B930B}
	EndGlobalSection
EndGlobal
