
Microsoft Visual Studio Solution File, Format Version 12.00
# Visual Studio 15
VisualStudioVersion = 15.0.26430.16
MinimumVisualStudioVersion = 10.0.40219.1
Project("{FAE04EC0-301F-11D3-BF4B-00C04F79EFBC}") = "WebDav.Client", "WebDav.Client\WebDav.Client.csproj", "{36ECE425-F392-41EA-B260-834F03A53EAC}"
EndProject
Project("{2150E333-8FDC-42A3-9474-1A3956D46DE8}") = ".nuget", ".nuget", "{A995E28E-6F04-4A4C-9AA2-33355F573581}"
	ProjectSection(SolutionItems) = preProject
		.nuget\NuGet.Config = .nuget\NuGet.Config
		.nuget\NuGet.exe = .nuget\NuGet.exe
		.nuget\NuGet.targets = .nuget\NuGet.targets
	EndProjectSection
EndProject
Project("{FAE04EC0-301F-11D3-BF4B-00C04F79EFBC}") = "WebDav.ClientConsole", "WebDav.ClientConsole\WebDav.ClientConsole.csproj", "{E06E2AC5-E85F-4291-A94D-C201F13EFB2D}"
EndProject
Project("{FAE04EC0-301F-11D3-BF4B-00C04F79EFBC}") = "WebDav.Client.Tests", "WebDav.Client.Tests\WebDav.Client.Tests.csproj", "{F349B58D-A819-4690-932B-FE91F884E45D}"
EndProject
Global
	GlobalSection(SolutionConfigurationPlatforms) = preSolution
		Debug|Any CPU = Debug|Any CPU
		Release|Any CPU = Release|Any CPU
	EndGlobalSection
	GlobalSection(ProjectConfigurationPlatforms) = postSolution
		{36ECE425-F392-41EA-B260-834F03A53EAC}.Debug|Any CPU.ActiveCfg = Debug|Any CPU
		{36ECE425-F392-41EA-B260-834F03A53EAC}.Debug|Any CPU.Build.0 = Debug|Any CPU
		{36ECE425-F392-41EA-B260-834F03A53EAC}.Release|Any CPU.ActiveCfg = Release|Any CPU
		{36ECE425-F392-41EA-B260-834F03A53EAC}.Release|Any CPU.Build.0 = Release|Any CPU
		{E06E2AC5-E85F-4291-A94D-C201F13EFB2D}.Debug|Any CPU.ActiveCfg = Debug|Any CPU
		{E06E2AC5-E85F-4291-A94D-C201F13EFB2D}.Debug|Any CPU.Build.0 = Debug|Any CPU
		{E06E2AC5-E85F-4291-A94D-C201F13EFB2D}.Release|Any CPU.ActiveCfg = Release|Any CPU
		{E06E2AC5-E85F-4291-A94D-C201F13EFB2D}.Release|Any CPU.Build.0 = Release|Any CPU
		{F349B58D-A819-4690-932B-FE91F884E45D}.Debug|Any CPU.ActiveCfg = Debug|Any CPU
		{F349B58D-A819-4690-932B-FE91F884E45D}.Debug|Any CPU.Build.0 = Debug|Any CPU
		{F349B58D-A819-4690-932B-FE91F884E45D}.Release|Any CPU.ActiveCfg = Release|Any CPU
		{F349B58D-A819-4690-932B-FE91F884E45D}.Release|Any CPU.Build.0 = Release|Any CPU
	EndGlobalSection
	GlobalSection(SolutionProperties) = preSolution
		HideSolutionNode = FALSE
	EndGlobalSection
EndGlobal
